
Microsoft Visual Studio Solution File, Format Version 12.00
# Visual Studio Version 17
VisualStudioVersion = 17.6.33927.249
MinimumVisualStudioVersion = 10.0.40219.1
Project("{FAE04EC0-301F-11D3-BF4B-00C04F79EFBC}") = "QRComposer", "QRComposer.csproj", "{EE2C19C8-804E-4C77-89E0-6EEFBD86414D}"
EndProject
Global
	GlobalSection(SolutionConfigurationPlatforms) = preSolution
		Debug|Any CPU = Debug|Any CPU
		Release|Any CPU = Release|Any CPU
	EndGlobalSection
	GlobalSection(ProjectConfigurationPlatforms) = postSolution
		{EE2C19C8-804E-4C77-89E0-6EEFBD86414D}.Debug|Any CPU.ActiveCfg = Debug|Any CPU
		{EE2C19C8-804E-4C77-89E0-6EEFBD86414D}.Debug|Any CPU.Build.0 = Debug|Any CPU
		{EE2C19C8-804E-4C77-89E0-6EEFBD86414D}.Release|Any CPU.ActiveCfg = Release|Any CPU
		{EE2C19C8-804E-4C77-89E0-6EEFBD86414D}.Release|Any CPU.Build.0 = Release|Any CPU
	EndGlobalSection
	GlobalSection(SolutionProperties) = preSolution
		HideSolutionNode = FALSE
	EndGlobalSection
	GlobalSection(ExtensibilityGlobals) = postSolution
		SolutionGuid = {72D3D987-C523-4AB7-8942-E90AC7FA7146}
	EndGlobalSection
EndGlobal
