
Microsoft Visual Studio Solution File, Format Version 12.00
# Visual Studio Version 17
VisualStudioVersion = 17.0.31912.275
MinimumVisualStudioVersion = 10.0.40219.1
Project("{FAE04EC0-301F-11D3-BF4B-00C04F79EFBC}") = "MyWebServer", "MyWebServer.csproj", "{0449EC31-8FAE-45B1-ACA6-5E7F8E86B0DA}"
EndProject
Project("{FAE04EC0-301F-11D3-BF4B-00C04F79EFBC}") = "MyWebServer.Server", "..\MyWebServer.Server\MyWebServer.Server.csproj", "{093C83F9-F4FD-4B7F-91A2-F6B319CAA10A}"
EndProject
Global
	GlobalSection(SolutionConfigurationPlatforms) = preSolution
		Debug|Any CPU = Debug|Any CPU
		Release|Any CPU = Release|Any CPU
	EndGlobalSection
	GlobalSection(ProjectConfigurationPlatforms) = postSolution
		{0449EC31-8FAE-45B1-ACA6-5E7F8E86B0DA}.Debug|Any CPU.ActiveCfg = Debug|Any CPU
		{0449EC31-8FAE-45B1-ACA6-5E7F8E86B0DA}.Debug|Any CPU.Build.0 = Debug|Any CPU
		{0449EC31-8FAE-45B1-ACA6-5E7F8E86B0DA}.Release|Any CPU.ActiveCfg = Release|Any CPU
		{0449EC31-8FAE-45B1-ACA6-5E7F8E86B0DA}.Release|Any CPU.Build.0 = Release|Any CPU
		{093C83F9-F4FD-4B7F-91A2-F6B319CAA10A}.Debug|Any CPU.ActiveCfg = Debug|Any CPU
		{093C83F9-F4FD-4B7F-91A2-F6B319CAA10A}.Debug|Any CPU.Build.0 = Debug|Any CPU
		{093C83F9-F4FD-4B7F-91A2-F6B319CAA10A}.Release|Any CPU.ActiveCfg = Release|Any CPU
		{093C83F9-F4FD-4B7F-91A2-F6B319CAA10A}.Release|Any CPU.Build.0 = Release|Any CPU
	EndGlobalSection
	GlobalSection(SolutionProperties) = preSolution
		HideSolutionNode = FALSE
	EndGlobalSection
	GlobalSection(ExtensibilityGlobals) = postSolution
		SolutionGuid = {BE65C0DF-9658-4A06-9B9D-A0433C256092}
	EndGlobalSection
EndGlobal
