
Microsoft Visual Studio Solution File, Format Version 12.00
# Visual Studio Version 16
VisualStudioVersion = 16.0.31624.102
MinimumVisualStudioVersion = 10.0.40219.1
Project("{FAE04EC0-301F-11D3-BF4B-00C04F79EFBC}") = "EmailsWithSendGrid", "EmailsWithSendGrid.csproj", "{35BE8168-2CBC-49F5-A4B8-AF2735C875ED}"
EndProject
Global
	GlobalSection(SolutionConfigurationPlatforms) = preSolution
		Debug|Any CPU = Debug|Any CPU
		Release|Any CPU = Release|Any CPU
	EndGlobalSection
	GlobalSection(ProjectConfigurationPlatforms) = postSolution
		{35BE8168-2CBC-49F5-A4B8-AF2735C875ED}.Debug|Any CPU.ActiveCfg = Debug|Any CPU
		{35BE8168-2CBC-49F5-A4B8-AF2735C875ED}.Debug|Any CPU.Build.0 = Debug|Any CPU
		{35BE8168-2CBC-49F5-A4B8-AF2735C875ED}.Release|Any CPU.ActiveCfg = Release|Any CPU
		{35BE8168-2CBC-49F5-A4B8-AF2735C875ED}.Release|Any CPU.Build.0 = Release|Any CPU
	EndGlobalSection
	GlobalSection(SolutionProperties) = preSolution
		HideSolutionNode = FALSE
	EndGlobalSection
	GlobalSection(ExtensibilityGlobals) = postSolution
		SolutionGuid = {F592ADAE-5797-4FBD-999A-76439CEF7130}
	EndGlobalSection
EndGlobal
