
Microsoft Visual Studio Solution File, Format Version 12.00
# Visual Studio Version 16
VisualStudioVersion = 16.0.31112.23
MinimumVisualStudioVersion = 10.0.40219.1
Project("{FAE04EC0-301F-11D3-BF4B-00C04F79EFBC}") = "Aquariums", "Aquariums\Aquariums.csproj", "{0A1DE363-1D98-4A37-8757-6C0506A52B59}"
EndProject
Project("{FAE04EC0-301F-11D3-BF4B-00C04F79EFBC}") = "Aquariums.Tests", "Aquariums.Tests\Aquariums.Tests.csproj", "{145D31D8-83CE-411B-A067-4FA85D07CD1D}"
EndProject
Global
	GlobalSection(SolutionConfigurationPlatforms) = preSolution
		Debug|Any CPU = Debug|Any CPU
		Release|Any CPU = Release|Any CPU
	EndGlobalSection
	GlobalSection(ProjectConfigurationPlatforms) = postSolution
		{0A1DE363-1D98-4A37-8757-6C0506A52B59}.Debug|Any CPU.ActiveCfg = Debug|Any CPU
		{0A1DE363-1D98-4A37-8757-6C0506A52B59}.Debug|Any CPU.Build.0 = Debug|Any CPU
		{0A1DE363-1D98-4A37-8757-6C0506A52B59}.Release|Any CPU.ActiveCfg = Release|Any CPU
		{0A1DE363-1D98-4A37-8757-6C0506A52B59}.Release|Any CPU.Build.0 = Release|Any CPU
		{145D31D8-83CE-411B-A067-4FA85D07CD1D}.Debug|Any CPU.ActiveCfg = Debug|Any CPU
		{145D31D8-83CE-411B-A067-4FA85D07CD1D}.Debug|Any CPU.Build.0 = Debug|Any CPU
		{145D31D8-83CE-411B-A067-4FA85D07CD1D}.Release|Any CPU.ActiveCfg = Release|Any CPU
		{145D31D8-83CE-411B-A067-4FA85D07CD1D}.Release|Any CPU.Build.0 = Release|Any CPU
	EndGlobalSection
	GlobalSection(SolutionProperties) = preSolution
		HideSolutionNode = FALSE
	EndGlobalSection
	GlobalSection(ExtensibilityGlobals) = postSolution
		SolutionGuid = {5D534A85-E1BB-4C6A-8EEF-E35B64D1019F}
	EndGlobalSection
EndGlobal
